
Microsoft Visual Studio Solution File, Format Version 12.00
# Visual Studio Version 17
VisualStudioVersion = 17.7.34031.279
MinimumVisualStudioVersion = 10.0.40219.1
Project("{FAE04EC0-301F-11D3-BF4B-00C04F79EFBC}") = "auto_reply3", "auto_reply3\auto_reply3.csproj", "{1CE67919-B2E9-46CF-8E74-55FE86254922}"
EndProject
Global
	GlobalSection(SolutionConfigurationPlatforms) = preSolution
		Debug|Any CPU = Debug|Any CPU
		Release|Any CPU = Release|Any CPU
	EndGlobalSection
	GlobalSection(ProjectConfigurationPlatforms) = postSolution
		{1CE67919-B2E9-46CF-8E74-55FE86254922}.Debug|Any CPU.ActiveCfg = Debug|Any CPU
		{1CE67919-B2E9-46CF-8E74-55FE86254922}.Debug|Any CPU.Build.0 = Debug|Any CPU
		{1CE67919-B2E9-46CF-8E74-55FE86254922}.Release|Any CPU.ActiveCfg = Release|Any CPU
		{1CE67919-B2E9-46CF-8E74-55FE86254922}.Release|Any CPU.Build.0 = Release|Any CPU
	EndGlobalSection
	GlobalSection(SolutionProperties) = preSolution
		HideSolutionNode = FALSE
	EndGlobalSection
	GlobalSection(ExtensibilityGlobals) = postSolution
		SolutionGuid = {EA584AAB-74BE-4C7B-8C04-0E7C3BA42E83}
	EndGlobalSection
EndGlobal
